// !$*UTF8*$!
{
	archiveVersion = 1;
	classes = {
	};
	objectVersion = 50;
	objects = {

/* Begin PBXBuildFile section */
		3322A5C220A1864B0093407B /* AppDelegate.m in Sources */ = {isa = PBXBuildFile; fileRef = 3322A5C120A1864B0093407B /* AppDelegate.m */; };
		3322A5C520A1864B0093407B /* ViewController.m in Sources */ = {isa = PBXBuildFile; fileRef = 3322A5C420A1864B0093407B /* ViewController.m */; };
		3322A5C820A1864B0093407B /* Main.storyboard in Resources */ = {isa = PBXBuildFile; fileRef = 3322A5C620A1864B0093407B /* Main.storyboard */; };
		3322A5CA20A1864D0093407B /* Assets.xcassets in Resources */ = {isa = PBXBuildFile; fileRef = 3322A5C920A1864D0093407B /* Assets.xcassets */; };
		3322A5CD20A1864D0093407B /* LaunchScreen.storyboard in Resources */ = {isa = PBXBuildFile; fileRef = 3322A5CB20A1864D0093407B /* LaunchScreen.storyboard */; };
		3322A5D020A1864D0093407B /* main.m in Sources */ = {isa = PBXBuildFile; fileRef = 3322A5CF20A1864D0093407B /* main.m */; };
		3322A5FC20A2F3DF0093407B /* LWAnimationButtonDemo.m in Sources */ = {isa = PBXBuildFile; fileRef = 3322A5FB20A2F3DF0093407B /* LWAnimationButtonDemo.m */; };
		3322A5FF20A2F3ED0093407B /* LWViewImageController.m in Sources */ = {isa = PBXBuildFile; fileRef = 3322A5FE20A2F3ED0093407B /* LWViewImageController.m */; };
		3322A60220A2F3FB0093407B /* LWSegmentViewController.m in Sources */ = {isa = PBXBuildFile; fileRef = 3322A60120A2F3FB0093407B /* LWSegmentViewController.m */; };
		3322A62720A3DB1D0093407B /* LWPhotosViewController.m in Sources */ = {isa = PBXBuildFile; fileRef = 3322A62620A3DB1D0093407B /* LWPhotosViewController.m */; };
		3322A62A20A3DB350093407B /* LYPictureFirstPageCell.m in Sources */ = {isa = PBXBuildFile; fileRef = 3322A62920A3DB350093407B /* LYPictureFirstPageCell.m */; };
		3322A63720A3DC090093407B /* Expression10.jpeg in Resources */ = {isa = PBXBuildFile; fileRef = 3322A62C20A3DC090093407B /* Expression10.jpeg */; };
		3322A63820A3DC090093407B /* Expression06.jpeg in Resources */ = {isa = PBXBuildFile; fileRef = 3322A62D20A3DC090093407B /* Expression06.jpeg */; };
		3322A63920A3DC090093407B /* Expression07.jpeg in Resources */ = {isa = PBXBuildFile; fileRef = 3322A62E20A3DC090093407B /* Expression07.jpeg */; };
		3322A63A20A3DC090093407B /* Expression11.jpeg in Resources */ = {isa = PBXBuildFile; fileRef = 3322A62F20A3DC090093407B /* Expression11.jpeg */; };
		3322A63B20A3DC090093407B /* Expression01.jpeg in Resources */ = {isa = PBXBuildFile; fileRef = 3322A63020A3DC090093407B /* Expression01.jpeg */; };
		3322A63C20A3DC090093407B /* Expression02.jpeg in Resources */ = {isa = PBXBuildFile; fileRef = 3322A63120A3DC090093407B /* Expression02.jpeg */; };
		3322A63D20A3DC090093407B /* Expression03.jpeg in Resources */ = {isa = PBXBuildFile; fileRef = 3322A63220A3DC090093407B /* Expression03.jpeg */; };
		3322A63E20A3DC090093407B /* Expression04.jpeg in Resources */ = {isa = PBXBuildFile; fileRef = 3322A63320A3DC090093407B /* Expression04.jpeg */; };
		3322A63F20A3DC090093407B /* Expression08.jpeg in Resources */ = {isa = PBXBuildFile; fileRef = 3322A63420A3DC090093407B /* Expression08.jpeg */; };
		3322A64020A3DC090093407B /* Expression09.jpeg in Resources */ = {isa = PBXBuildFile; fileRef = 3322A63520A3DC090093407B /* Expression09.jpeg */; };
		3322A64120A3DC090093407B /* Expression05.jpeg in Resources */ = {isa = PBXBuildFile; fileRef = 3322A63620A3DC090093407B /* Expression05.jpeg */; };
		3322A64520A3DCA10093407B /* LWAnimationViewController.m in Sources */ = {isa = PBXBuildFile; fileRef = 3322A64420A3DCA10093407B /* LWAnimationViewController.m */; };
		335C452720E482BC008F0543 /* DesEncryTool.m in Sources */ = {isa = PBXBuildFile; fileRef = 335C450C20E482BB008F0543 /* DesEncryTool.m */; };
		335C452820E482BC008F0543 /* EncryTool.m in Sources */ = {isa = PBXBuildFile; fileRef = 335C450D20E482BB008F0543 /* EncryTool.m */; };
		335C452920E482BC008F0543 /* EncryDesEncryTool.m in Sources */ = {isa = PBXBuildFile; fileRef = 335C450E20E482BB008F0543 /* EncryDesEncryTool.m */; };
		335C452A20E482BC008F0543 /* YGDeviceSpaceTool.m in Sources */ = {isa = PBXBuildFile; fileRef = 335C450F20E482BB008F0543 /* YGDeviceSpaceTool.m */; };
		335C452B20E482BC008F0543 /* UIView+LWFrame.m in Sources */ = {isa = PBXBuildFile; fileRef = 335C451620E482BB008F0543 /* UIView+LWFrame.m */; };
		335C452C20E482BC008F0543 /* UIScrollView+LWExtension.m in Sources */ = {isa = PBXBuildFile; fileRef = 335C451720E482BB008F0543 /* UIScrollView+LWExtension.m */; };
		335C452D20E482BC008F0543 /* LWEmitterView.m in Sources */ = {isa = PBXBuildFile; fileRef = 335C451920E482BB008F0543 /* LWEmitterView.m */; };
		335C452E20E482BC008F0543 /* LWLineLabel.m in Sources */ = {isa = PBXBuildFile; fileRef = 335C451A20E482BB008F0543 /* LWLineLabel.m */; };
		335C452F20E482BC008F0543 /* LWSegmentControl.m in Sources */ = {isa = PBXBuildFile; fileRef = 335C451F20E482BB008F0543 /* LWSegmentControl.m */; };
		335C453020E482BC008F0543 /* LWWindowAlert.m in Sources */ = {isa = PBXBuildFile; fileRef = 335C452120E482BB008F0543 /* LWWindowAlert.m */; };
		335C453120E482BC008F0543 /* LWRefreshFooter.m in Sources */ = {isa = PBXBuildFile; fileRef = 335C452220E482BB008F0543 /* LWRefreshFooter.m */; };
		335C453220E482BC008F0543 /* LWRefreshHeader.m in Sources */ = {isa = PBXBuildFile; fileRef = 335C452320E482BB008F0543 /* LWRefreshHeader.m */; };
		335C453320E482BC008F0543 /* LWAnimationButton.m in Sources */ = {isa = PBXBuildFile; fileRef = 335C452520E482BB008F0543 /* LWAnimationButton.m */; };
		339D68A420B3F91800C9C587 /* LWRereshAnimationDemo.m in Sources */ = {isa = PBXBuildFile; fileRef = 339D68A320B3F91800C9C587 /* LWRereshAnimationDemo.m */; };
		8775F145EBC4550E060C3AAF /* libPods-LWToolsDemo.a in Frameworks */ = {isa = PBXBuildFile; fileRef = 9CBD61981D60F38FEBCAB5C6 /* libPods-LWToolsDemo.a */; };
/* End PBXBuildFile section */

/* Begin PBXFileReference section */
		05DB4C6E24D0C3779FA41EB5 /* Pods-LWToolsDemo.debug.xcconfig */ = {isa = PBXFileReference; includeInIndex = 1; lastKnownFileType = text.xcconfig; name = "Pods-LWToolsDemo.debug.xcconfig"; path = "Pods/Target Support Files/Pods-LWToolsDemo/Pods-LWToolsDemo.debug.xcconfig"; sourceTree = "<group>"; };
		3322A5BD20A1864B0093407B /* LWToolsDemo.app */ = {isa = PBXFileReference; explicitFileType = wrapper.application; includeInIndex = 0; path = LWToolsDemo.app; sourceTree = BUILT_PRODUCTS_DIR; };
		3322A5C020A1864B0093407B /* AppDelegate.h */ = {isa = PBXFileReference; lastKnownFileType = sourcecode.c.h; path = AppDelegate.h; sourceTree = "<group>"; };
		3322A5C120A1864B0093407B /* AppDelegate.m */ = {isa = PBXFileReference; lastKnownFileType = sourcecode.c.objc; path = AppDelegate.m; sourceTree = "<group>"; };
		3322A5C320A1864B0093407B /* ViewController.h */ = {isa = PBXFileReference; lastKnownFileType = sourcecode.c.h; path = ViewController.h; sourceTree = "<group>"; };
		3322A5C420A1864B0093407B /* ViewController.m */ = {isa = PBXFileReference; lastKnownFileType = sourcecode.c.objc; path = ViewController.m; sourceTree = "<group>"; };
		3322A5C720A1864B0093407B /* Base */ = {isa = PBXFileReference; lastKnownFileType = file.storyboard; name = Base; path = Base.lproj/Main.storyboard; sourceTree = "<group>"; };
		3322A5C920A1864D0093407B /* Assets.xcassets */ = {isa = PBXFileReference; lastKnownFileType = folder.assetcatalog; path = Assets.xcassets; sourceTree = "<group>"; };
		3322A5CC20A1864D0093407B /* Base */ = {isa = PBXFileReference; lastKnownFileType = file.storyboard; name = Base; path = Base.lproj/LaunchScreen.storyboard; sourceTree = "<group>"; };
		3322A5CE20A1864D0093407B /* Info.plist */ = {isa = PBXFileReference; lastKnownFileType = text.plist.xml; path = Info.plist; sourceTree = "<group>"; };
		3322A5CF20A1864D0093407B /* main.m */ = {isa = PBXFileReference; lastKnownFileType = sourcecode.c.objc; path = main.m; sourceTree = "<group>"; };
		3322A5FA20A2F3DF0093407B /* LWAnimationButtonDemo.h */ = {isa = PBXFileReference; lastKnownFileType = sourcecode.c.h; path = LWAnimationButtonDemo.h; sourceTree = "<group>"; };
		3322A5FB20A2F3DF0093407B /* LWAnimationButtonDemo.m */ = {isa = PBXFileReference; lastKnownFileType = sourcecode.c.objc; path = LWAnimationButtonDemo.m; sourceTree = "<group>"; };
		3322A5FD20A2F3ED0093407B /* LWViewImageController.h */ = {isa = PBXFileReference; lastKnownFileType = sourcecode.c.h; path = LWViewImageController.h; sourceTree = "<group>"; };
		3322A5FE20A2F3ED0093407B /* LWViewImageController.m */ = {isa = PBXFileReference; lastKnownFileType = sourcecode.c.objc; path = LWViewImageController.m; sourceTree = "<group>"; };
		3322A60020A2F3FB0093407B /* LWSegmentViewController.h */ = {isa = PBXFileReference; lastKnownFileType = sourcecode.c.h; path = LWSegmentViewController.h; sourceTree = "<group>"; };
		3322A60120A2F3FB0093407B /* LWSegmentViewController.m */ = {isa = PBXFileReference; lastKnownFileType = sourcecode.c.objc; path = LWSegmentViewController.m; sourceTree = "<group>"; };
		3322A62520A3DB1D0093407B /* LWPhotosViewController.h */ = {isa = PBXFileReference; fileEncoding = 4; lastKnownFileType = sourcecode.c.h; path = LWPhotosViewController.h; sourceTree = "<group>"; };
		3322A62620A3DB1D0093407B /* LWPhotosViewController.m */ = {isa = PBXFileReference; fileEncoding = 4; lastKnownFileType = sourcecode.c.objc; path = LWPhotosViewController.m; sourceTree = "<group>"; };
		3322A62820A3DB350093407B /* LYPictureFirstPageCell.h */ = {isa = PBXFileReference; fileEncoding = 4; lastKnownFileType = sourcecode.c.h; path = LYPictureFirstPageCell.h; sourceTree = "<group>"; };
		3322A62920A3DB350093407B /* LYPictureFirstPageCell.m */ = {isa = PBXFileReference; fileEncoding = 4; lastKnownFileType = sourcecode.c.objc; path = LYPictureFirstPageCell.m; sourceTree = "<group>"; };
		3322A62C20A3DC090093407B /* Expression10.jpeg */ = {isa = PBXFileReference; lastKnownFileType = image.jpeg; path = Expression10.jpeg; sourceTree = "<group>"; };
		3322A62D20A3DC090093407B /* Expression06.jpeg */ = {isa = PBXFileReference; lastKnownFileType = image.jpeg; path = Expression06.jpeg; sourceTree = "<group>"; };
		3322A62E20A3DC090093407B /* Expression07.jpeg */ = {isa = PBXFileReference; lastKnownFileType = image.jpeg; path = Expression07.jpeg; sourceTree = "<group>"; };
		3322A62F20A3DC090093407B /* Expression11.jpeg */ = {isa = PBXFileReference; lastKnownFileType = image.jpeg; path = Expression11.jpeg; sourceTree = "<group>"; };
		3322A63020A3DC090093407B /* Expression01.jpeg */ = {isa = PBXFileReference; lastKnownFileType = image.jpeg; path = Expression01.jpeg; sourceTree = "<group>"; };
		3322A63120A3DC090093407B /* Expression02.jpeg */ = {isa = PBXFileReference; lastKnownFileType = image.jpeg; path = Expression02.jpeg; sourceTree = "<group>"; };
		3322A63220A3DC090093407B /* Expression03.jpeg */ = {isa = PBXFileReference; lastKnownFileType = image.jpeg; path = Expression03.jpeg; sourceTree = "<group>"; };
		3322A63320A3DC090093407B /* Expression04.jpeg */ = {isa = PBXFileReference; lastKnownFileType = image.jpeg; path = Expression04.jpeg; sourceTree = "<group>"; };
		3322A63420A3DC090093407B /* Expression08.jpeg */ = {isa = PBXFileReference; lastKnownFileType = image.jpeg; path = Expression08.jpeg; sourceTree = "<group>"; };
		3322A63520A3DC090093407B /* Expression09.jpeg */ = {isa = PBXFileReference; lastKnownFileType = image.jpeg; path = Expression09.jpeg; sourceTree = "<group>"; };
		3322A63620A3DC090093407B /* Expression05.jpeg */ = {isa = PBXFileReference; lastKnownFileType = image.jpeg; path = Expression05.jpeg; sourceTree = "<group>"; };
		3322A64320A3DCA10093407B /* LWAnimationViewController.h */ = {isa = PBXFileReference; lastKnownFileType = sourcecode.c.h; path = LWAnimationViewController.h; sourceTree = "<group>"; };
		3322A64420A3DCA10093407B /* LWAnimationViewController.m */ = {isa = PBXFileReference; lastKnownFileType = sourcecode.c.objc; path = LWAnimationViewController.m; sourceTree = "<group>"; };
		335C450B20E482BB008F0543 /* YGDeviceSpaceTool.h */ = {isa = PBXFileReference; fileEncoding = 4; lastKnownFileType = sourcecode.c.h; path = YGDeviceSpaceTool.h; sourceTree = "<group>"; };
		335C450C20E482BB008F0543 /* DesEncryTool.m */ = {isa = PBXFileReference; fileEncoding = 4; lastKnownFileType = sourcecode.c.objc; path = DesEncryTool.m; sourceTree = "<group>"; };
		335C450D20E482BB008F0543 /* EncryTool.m */ = {isa = PBXFileReference; fileEncoding = 4; lastKnownFileType = sourcecode.c.objc; path = EncryTool.m; sourceTree = "<group>"; };
		335C450E20E482BB008F0543 /* EncryDesEncryTool.m */ = {isa = PBXFileReference; fileEncoding = 4; lastKnownFileType = sourcecode.c.objc; path = EncryDesEncryTool.m; sourceTree = "<group>"; };
		335C450F20E482BB008F0543 /* YGDeviceSpaceTool.m */ = {isa = PBXFileReference; fileEncoding = 4; lastKnownFileType = sourcecode.c.objc; path = YGDeviceSpaceTool.m; sourceTree = "<group>"; };
		335C451020E482BB008F0543 /* EncryTool.h */ = {isa = PBXFileReference; fileEncoding = 4; lastKnownFileType = sourcecode.c.h; path = EncryTool.h; sourceTree = "<group>"; };
		335C451120E482BB008F0543 /* DesEncryTool.h */ = {isa = PBXFileReference; fileEncoding = 4; lastKnownFileType = sourcecode.c.h; path = DesEncryTool.h; sourceTree = "<group>"; };
		335C451220E482BB008F0543 /* EncryDesEncryTool.h */ = {isa = PBXFileReference; fileEncoding = 4; lastKnownFileType = sourcecode.c.h; path = EncryDesEncryTool.h; sourceTree = "<group>"; };
		335C451420E482BB008F0543 /* UIView+LWFrame.h */ = {isa = PBXFileReference; fileEncoding = 4; lastKnownFileType = sourcecode.c.h; path = "UIView+LWFrame.h"; sourceTree = "<group>"; };
		335C451520E482BB008F0543 /* UIScrollView+LWExtension.h */ = {isa = PBXFileReference; fileEncoding = 4; lastKnownFileType = sourcecode.c.h; path = "UIScrollView+LWExtension.h"; sourceTree = "<group>"; };
		335C451620E482BB008F0543 /* UIView+LWFrame.m */ = {isa = PBXFileReference; fileEncoding = 4; lastKnownFileType = sourcecode.c.objc; path = "UIView+LWFrame.m"; sourceTree = "<group>"; };
		335C451720E482BB008F0543 /* UIScrollView+LWExtension.m */ = {isa = PBXFileReference; fileEncoding = 4; lastKnownFileType = sourcecode.c.objc; path = "UIScrollView+LWExtension.m"; sourceTree = "<group>"; };
		335C451920E482BB008F0543 /* LWEmitterView.m */ = {isa = PBXFileReference; fileEncoding = 4; lastKnownFileType = sourcecode.c.objc; path = LWEmitterView.m; sourceTree = "<group>"; };
		335C451A20E482BB008F0543 /* LWLineLabel.m */ = {isa = PBXFileReference; fileEncoding = 4; lastKnownFileType = sourcecode.c.objc; path = LWLineLabel.m; sourceTree = "<group>"; };
		335C451B20E482BB008F0543 /* LWRefreshHeader.h */ = {isa = PBXFileReference; fileEncoding = 4; lastKnownFileType = sourcecode.c.h; path = LWRefreshHeader.h; sourceTree = "<group>"; };
		335C451C20E482BB008F0543 /* LWRefreshFooter.h */ = {isa = PBXFileReference; fileEncoding = 4; lastKnownFileType = sourcecode.c.h; path = LWRefreshFooter.h; sourceTree = "<group>"; };
		335C451D20E482BB008F0543 /* LWWindowAlert.h */ = {isa = PBXFileReference; fileEncoding = 4; lastKnownFileType = sourcecode.c.h; path = LWWindowAlert.h; sourceTree = "<group>"; };
		335C451E20E482BB008F0543 /* LWAnimationButton.h */ = {isa = PBXFileReference; fileEncoding = 4; lastKnownFileType = sourcecode.c.h; path = LWAnimationButton.h; sourceTree = "<group>"; };
		335C451F20E482BB008F0543 /* LWSegmentControl.m */ = {isa = PBXFileReference; fileEncoding = 4; lastKnownFileType = sourcecode.c.objc; path = LWSegmentControl.m; sourceTree = "<group>"; };
		335C452020E482BB008F0543 /* LWEmitterView.h */ = {isa = PBXFileReference; fileEncoding = 4; lastKnownFileType = sourcecode.c.h; path = LWEmitterView.h; sourceTree = "<group>"; };
		335C452120E482BB008F0543 /* LWWindowAlert.m */ = {isa = PBXFileReference; fileEncoding = 4; lastKnownFileType = sourcecode.c.objc; path = LWWindowAlert.m; sourceTree = "<group>"; };
		335C452220E482BB008F0543 /* LWRefreshFooter.m */ = {isa = PBXFileReference; fileEncoding = 4; lastKnownFileType = sourcecode.c.objc; path = LWRefreshFooter.m; sourceTree = "<group>"; };
		335C452320E482BB008F0543 /* LWRefreshHeader.m */ = {isa = PBXFileReference; fileEncoding = 4; lastKnownFileType = sourcecode.c.objc; path = LWRefreshHeader.m; sourceTree = "<group>"; };
		335C452420E482BB008F0543 /* LWLineLabel.h */ = {isa = PBXFileReference; fileEncoding = 4; lastKnownFileType = sourcecode.c.h; path = LWLineLabel.h; sourceTree = "<group>"; };
		335C452520E482BB008F0543 /* LWAnimationButton.m */ = {isa = PBXFileReference; fileEncoding = 4; lastKnownFileType = sourcecode.c.objc; path = LWAnimationButton.m; sourceTree = "<group>"; };
		335C452620E482BB008F0543 /* LWSegmentControl.h */ = {isa = PBXFileReference; fileEncoding = 4; lastKnownFileType = sourcecode.c.h; path = LWSegmentControl.h; sourceTree = "<group>"; };
		339D68A220B3F91800C9C587 /* LWRereshAnimationDemo.h */ = {isa = PBXFileReference; lastKnownFileType = sourcecode.c.h; path = LWRereshAnimationDemo.h; sourceTree = "<group>"; };
		339D68A320B3F91800C9C587 /* LWRereshAnimationDemo.m */ = {isa = PBXFileReference; lastKnownFileType = sourcecode.c.objc; path = LWRereshAnimationDemo.m; sourceTree = "<group>"; };
		9CBD61981D60F38FEBCAB5C6 /* libPods-LWToolsDemo.a */ = {isa = PBXFileReference; explicitFileType = archive.ar; includeInIndex = 0; path = "libPods-LWToolsDemo.a"; sourceTree = BUILT_PRODUCTS_DIR; };
		F7D4F3FFB23CB1C257985B70 /* Pods-LWToolsDemo.release.xcconfig */ = {isa = PBXFileReference; includeInIndex = 1; lastKnownFileType = text.xcconfig; name = "Pods-LWToolsDemo.release.xcconfig"; path = "Pods/Target Support Files/Pods-LWToolsDemo/Pods-LWToolsDemo.release.xcconfig"; sourceTree = "<group>"; };
/* End PBXFileReference section */

/* Begin PBXFrameworksBuildPhase section */
		3322A5BA20A1864B0093407B /* Frameworks */ = {
			isa = PBXFrameworksBuildPhase;
			buildActionMask = 2147483647;
			files = (
				8775F145EBC4550E060C3AAF /* libPods-LWToolsDemo.a in Frameworks */,
			);
			runOnlyForDeploymentPostprocessing = 0;
		};
/* End PBXFrameworksBuildPhase section */

/* Begin PBXGroup section */
		07BAAAA813C81CBD01B382A9 /* Pods */ = {
			isa = PBXGroup;
			children = (
				05DB4C6E24D0C3779FA41EB5 /* Pods-LWToolsDemo.debug.xcconfig */,
				F7D4F3FFB23CB1C257985B70 /* Pods-LWToolsDemo.release.xcconfig */,
			);
			name = Pods;
			sourceTree = "<group>";
		};
		3322A5B420A1864B0093407B = {
			isa = PBXGroup;
			children = (
				3322A5BF20A1864B0093407B /* LWToolsDemo */,
				3322A5BE20A1864B0093407B /* Products */,
				07BAAAA813C81CBD01B382A9 /* Pods */,
				EB1F3E738A0752A0853D6531 /* Frameworks */,
			);
			sourceTree = "<group>";
		};
		3322A5BE20A1864B0093407B /* Products */ = {
			isa = PBXGroup;
			children = (
				3322A5BD20A1864B0093407B /* LWToolsDemo.app */,
			);
			name = Products;
			sourceTree = "<group>";
		};
		3322A5BF20A1864B0093407B /* LWToolsDemo */ = {
			isa = PBXGroup;
			children = (
				335C450820E482BB008F0543 /* LWTools */,
				3322A5C020A1864B0093407B /* AppDelegate.h */,
				3322A5C120A1864B0093407B /* AppDelegate.m */,
				3322A5C320A1864B0093407B /* ViewController.h */,
				3322A5C420A1864B0093407B /* ViewController.m */,
				339D68A120B3F90300C9C587 /* RefreshDemo */,
				3322A64220A3DC850093407B /* AnimationDemo */,
				3322A62420A3DB060093407B /* PhotoBrowser */,
				3322A5F820A2F3CC0093407B /* AnimationButtonDemo */,
				3322A5F920A2F3CC0093407B /* SegmentControlDemo */,
				3322A5F720A2F3CC0093407B /* ViewImageDemo */,
				3322A5C620A1864B0093407B /* Main.storyboard */,
				3322A5C920A1864D0093407B /* Assets.xcassets */,
				3322A5CB20A1864D0093407B /* LaunchScreen.storyboard */,
				3322A5CE20A1864D0093407B /* Info.plist */,
				3322A5CF20A1864D0093407B /* main.m */,
			);
			path = LWToolsDemo;
			sourceTree = "<group>";
		};
		3322A5F720A2F3CC0093407B /* ViewImageDemo */ = {
			isa = PBXGroup;
			children = (
				3322A5FD20A2F3ED0093407B /* LWViewImageController.h */,
				3322A5FE20A2F3ED0093407B /* LWViewImageController.m */,
			);
			path = ViewImageDemo;
			sourceTree = "<group>";
		};
		3322A5F820A2F3CC0093407B /* AnimationButtonDemo */ = {
			isa = PBXGroup;
			children = (
				3322A5FA20A2F3DF0093407B /* LWAnimationButtonDemo.h */,
				3322A5FB20A2F3DF0093407B /* LWAnimationButtonDemo.m */,
			);
			path = AnimationButtonDemo;
			sourceTree = "<group>";
		};
		3322A5F920A2F3CC0093407B /* SegmentControlDemo */ = {
			isa = PBXGroup;
			children = (
				3322A60020A2F3FB0093407B /* LWSegmentViewController.h */,
				3322A60120A2F3FB0093407B /* LWSegmentViewController.m */,
			);
			path = SegmentControlDemo;
			sourceTree = "<group>";
		};
		3322A62420A3DB060093407B /* PhotoBrowser */ = {
			isa = PBXGroup;
			children = (
				3322A62B20A3DC090093407B /* Expression */,
				3322A62820A3DB350093407B /* LYPictureFirstPageCell.h */,
				3322A62920A3DB350093407B /* LYPictureFirstPageCell.m */,
				3322A62520A3DB1D0093407B /* LWPhotosViewController.h */,
				3322A62620A3DB1D0093407B /* LWPhotosViewController.m */,
			);
			path = PhotoBrowser;
			sourceTree = "<group>";
		};
		3322A62B20A3DC090093407B /* Expression */ = {
			isa = PBXGroup;
			children = (
				3322A62C20A3DC090093407B /* Expression10.jpeg */,
				3322A62D20A3DC090093407B /* Expression06.jpeg */,
				3322A62E20A3DC090093407B /* Expression07.jpeg */,
				3322A62F20A3DC090093407B /* Expression11.jpeg */,
				3322A63020A3DC090093407B /* Expression01.jpeg */,
				3322A63120A3DC090093407B /* Expression02.jpeg */,
				3322A63220A3DC090093407B /* Expression03.jpeg */,
				3322A63320A3DC090093407B /* Expression04.jpeg */,
				3322A63420A3DC090093407B /* Expression08.jpeg */,
				3322A63520A3DC090093407B /* Expression09.jpeg */,
				3322A63620A3DC090093407B /* Expression05.jpeg */,
			);
			path = Expression;
			sourceTree = "<group>";
		};
		3322A64220A3DC850093407B /* AnimationDemo */ = {
			isa = PBXGroup;
			children = (
				3322A64320A3DCA10093407B /* LWAnimationViewController.h */,
				3322A64420A3DCA10093407B /* LWAnimationViewController.m */,
			);
			path = AnimationDemo;
			sourceTree = "<group>";
		};
		335C450820E482BB008F0543 /* LWTools */ = {
			isa = PBXGroup;
			children = (
				335C450920E482BB008F0543 /* Classes */,
			);
			name = LWTools;
			path = ../../LWTools;
			sourceTree = "<group>";
		};
		335C450920E482BB008F0543 /* Classes */ = {
			isa = PBXGroup;
			children = (
				335C450A20E482BB008F0543 /* EncryDesEncryTool */,
				335C451320E482BB008F0543 /* Extensions */,
				335C451820E482BB008F0543 /* Views */,
			);
			path = Classes;
			sourceTree = "<group>";
		};
		335C450A20E482BB008F0543 /* EncryDesEncryTool */ = {
			isa = PBXGroup;
			children = (
				335C450B20E482BB008F0543 /* YGDeviceSpaceTool.h */,
				335C450C20E482BB008F0543 /* DesEncryTool.m */,
				335C450D20E482BB008F0543 /* EncryTool.m */,
				335C450E20E482BB008F0543 /* EncryDesEncryTool.m */,
				335C450F20E482BB008F0543 /* YGDeviceSpaceTool.m */,
				335C451020E482BB008F0543 /* EncryTool.h */,
				335C451120E482BB008F0543 /* DesEncryTool.h */,
				335C451220E482BB008F0543 /* EncryDesEncryTool.h */,
			);
			path = EncryDesEncryTool;
			sourceTree = "<group>";
		};
		335C451320E482BB008F0543 /* Extensions */ = {
			isa = PBXGroup;
			children = (
				335C451420E482BB008F0543 /* UIView+LWFrame.h */,
				335C451520E482BB008F0543 /* UIScrollView+LWExtension.h */,
				335C451620E482BB008F0543 /* UIView+LWFrame.m */,
				335C451720E482BB008F0543 /* UIScrollView+LWExtension.m */,
			);
			path = Extensions;
			sourceTree = "<group>";
		};
		335C451820E482BB008F0543 /* Views */ = {
			isa = PBXGroup;
			children = (
				335C451920E482BB008F0543 /* LWEmitterView.m */,
				335C451A20E482BB008F0543 /* LWLineLabel.m */,
				335C451B20E482BB008F0543 /* LWRefreshHeader.h */,
				335C451C20E482BB008F0543 /* LWRefreshFooter.h */,
				335C451D20E482BB008F0543 /* LWWindowAlert.h */,
				335C451E20E482BB008F0543 /* LWAnimationButton.h */,
				335C451F20E482BB008F0543 /* LWSegmentControl.m */,
				335C452020E482BB008F0543 /* LWEmitterView.h */,
				335C452120E482BB008F0543 /* LWWindowAlert.m */,
				335C452220E482BB008F0543 /* LWRefreshFooter.m */,
				335C452320E482BB008F0543 /* LWRefreshHeader.m */,
				335C452420E482BB008F0543 /* LWLineLabel.h */,
				335C452520E482BB008F0543 /* LWAnimationButton.m */,
				335C452620E482BB008F0543 /* LWSegmentControl.h */,
			);
			path = Views;
			sourceTree = "<group>";
		};
		339D68A120B3F90300C9C587 /* RefreshDemo */ = {
			isa = PBXGroup;
			children = (
				339D68A220B3F91800C9C587 /* LWRereshAnimationDemo.h */,
				339D68A320B3F91800C9C587 /* LWRereshAnimationDemo.m */,
			);
			path = RefreshDemo;
			sourceTree = "<group>";
		};
		EB1F3E738A0752A0853D6531 /* Frameworks */ = {
			isa = PBXGroup;
			children = (
				9CBD61981D60F38FEBCAB5C6 /* libPods-LWToolsDemo.a */,
			);
			name = Frameworks;
			sourceTree = "<group>";
		};
/* End PBXGroup section */

/* Begin PBXNativeTarget section */
		3322A5BC20A1864B0093407B /* LWToolsDemo */ = {
			isa = PBXNativeTarget;
			buildConfigurationList = 3322A5D320A1864D0093407B /* Build configuration list for PBXNativeTarget "LWToolsDemo" */;
			buildPhases = (
				914373336DCF209E03446BD1 /* [CP] Check Pods Manifest.lock */,
				3322A5B920A1864B0093407B /* Sources */,
				3322A5BA20A1864B0093407B /* Frameworks */,
				3322A5BB20A1864B0093407B /* Resources */,
				1E494BD2F90EE438912610AD /* [CP] Copy Pods Resources */,
			);
			buildRules = (
			);
			dependencies = (
			);
			name = LWToolsDemo;
			productName = LWToolsDemo;
			productReference = 3322A5BD20A1864B0093407B /* LWToolsDemo.app */;
			productType = "com.apple.product-type.application";
		};
/* End PBXNativeTarget section */

/* Begin PBXProject section */
		3322A5B520A1864B0093407B /* Project object */ = {
			isa = PBXProject;
			attributes = {
				LastUpgradeCheck = 0930;
				ORGANIZATIONNAME = weil;
				TargetAttributes = {
					3322A5BC20A1864B0093407B = {
						CreatedOnToolsVersion = 9.3;
					};
				};
			};
			buildConfigurationList = 3322A5B820A1864B0093407B /* Build configuration list for PBXProject "LWToolsDemo" */;
			compatibilityVersion = "Xcode 9.3";
			developmentRegion = en;
			hasScannedForEncodings = 0;
			knownRegions = (
				en,
				Base,
			);
			mainGroup = 3322A5B420A1864B0093407B;
			productRefGroup = 3322A5BE20A1864B0093407B /* Products */;
			projectDirPath = "";
			projectRoot = "";
			targets = (
				3322A5BC20A1864B0093407B /* LWToolsDemo */,
			);
		};
/* End PBXProject section */

/* Begin PBXResourcesBuildPhase section */
		3322A5BB20A1864B0093407B /* Resources */ = {
			isa = PBXResourcesBuildPhase;
			buildActionMask = 2147483647;
			files = (
				3322A63A20A3DC090093407B /* Expression11.jpeg in Resources */,
				3322A63F20A3DC090093407B /* Expression08.jpeg in Resources */,
				3322A64020A3DC090093407B /* Expression09.jpeg in Resources */,
				3322A5CD20A1864D0093407B /* LaunchScreen.storyboard in Resources */,
				3322A63D20A3DC090093407B /* Expression03.jpeg in Resources */,
				3322A5CA20A1864D0093407B /* Assets.xcassets in Resources */,
				3322A63820A3DC090093407B /* Expression06.jpeg in Resources */,
				3322A63C20A3DC090093407B /* Expression02.jpeg in Resources */,
				3322A64120A3DC090093407B /* Expression05.jpeg in Resources */,
				3322A63720A3DC090093407B /* Expression10.jpeg in Resources */,
				3322A63920A3DC090093407B /* Expression07.jpeg in Resources */,
				3322A63B20A3DC090093407B /* Expression01.jpeg in Resources */,
				3322A63E20A3DC090093407B /* Expression04.jpeg in Resources */,
				3322A5C820A1864B0093407B /* Main.storyboard in Resources */,
			);
			runOnlyForDeploymentPostprocessing = 0;
		};
/* End PBXResourcesBuildPhase section */

/* Begin PBXShellScriptBuildPhase section */
		1E494BD2F90EE438912610AD /* [CP] Copy Pods Resources */ = {
			isa = PBXShellScriptBuildPhase;
			buildActionMask = 2147483647;
			files = (
			);
			inputPaths = (
				"${SRCROOT}/Pods/Target Support Files/Pods-LWToolsDemo/Pods-LWToolsDemo-resources.sh",
				"${PODS_ROOT}/MJRefresh/MJRefresh/MJRefresh.bundle",
			);
			name = "[CP] Copy Pods Resources";
			outputPaths = (
				"${TARGET_BUILD_DIR}/${UNLOCALIZED_RESOURCES_FOLDER_PATH}/MJRefresh.bundle",
			);
			runOnlyForDeploymentPostprocessing = 0;
			shellPath = /bin/sh;
			shellScript = "\"${SRCROOT}/Pods/Target Support Files/Pods-LWToolsDemo/Pods-LWToolsDemo-resources.sh\"\n";
			showEnvVarsInLog = 0;
		};
		914373336DCF209E03446BD1 /* [CP] Check Pods Manifest.lock */ = {
			isa = PBXShellScriptBuildPhase;
			buildActionMask = 2147483647;
			files = (
			);
			inputPaths = (
				"${PODS_PODFILE_DIR_PATH}/Podfile.lock",
				"${PODS_ROOT}/Manifest.lock",
			);
			name = "[CP] Check Pods Manifest.lock";
			outputPaths = (
				"$(DERIVED_FILE_DIR)/Pods-LWToolsDemo-checkManifestLockResult.txt",
			);
			runOnlyForDeploymentPostprocessing = 0;
			shellPath = /bin/sh;
			shellScript = "diff \"${PODS_PODFILE_DIR_PATH}/Podfile.lock\" \"${PODS_ROOT}/Manifest.lock\" > /dev/null\nif [ $? != 0 ] ; then\n    # print error to STDERR\n    echo \"error: The sandbox is not in sync with the Podfile.lock. Run 'pod install' or update your CocoaPods installation.\" >&2\n    exit 1\nfi\n# This output is used by Xcode 'outputs' to avoid re-running this script phase.\necho \"SUCCESS\" > \"${SCRIPT_OUTPUT_FILE_0}\"\n";
			showEnvVarsInLog = 0;
		};
/* End PBXShellScriptBuildPhase section */

/* Begin PBXSourcesBuildPhase section */
		3322A5B920A1864B0093407B /* Sources */ = {
			isa = PBXSourcesBuildPhase;
			buildActionMask = 2147483647;
			files = (
				335C452720E482BC008F0543 /* DesEncryTool.m in Sources */,
				335C452D20E482BC008F0543 /* LWEmitterView.m in Sources */,
				335C452820E482BC008F0543 /* EncryTool.m in Sources */,
				3322A60220A2F3FB0093407B /* LWSegmentViewController.m in Sources */,
				339D68A420B3F91800C9C587 /* LWRereshAnimationDemo.m in Sources */,
				3322A5FF20A2F3ED0093407B /* LWViewImageController.m in Sources */,
				3322A62A20A3DB350093407B /* LYPictureFirstPageCell.m in Sources */,
				3322A5FC20A2F3DF0093407B /* LWAnimationButtonDemo.m in Sources */,
				335C452920E482BC008F0543 /* EncryDesEncryTool.m in Sources */,
				335C452C20E482BC008F0543 /* UIScrollView+LWExtension.m in Sources */,
				3322A62720A3DB1D0093407B /* LWPhotosViewController.m in Sources */,
				335C452F20E482BC008F0543 /* LWSegmentControl.m in Sources */,
				3322A5C520A1864B0093407B /* ViewController.m in Sources */,
				335C452A20E482BC008F0543 /* YGDeviceSpaceTool.m in Sources */,
				335C452E20E482BC008F0543 /* LWLineLabel.m in Sources */,
				335C453320E482BC008F0543 /* LWAnimationButton.m in Sources */,
				3322A5D020A1864D0093407B /* main.m in Sources */,
				3322A64520A3DCA10093407B /* LWAnimationViewController.m in Sources */,
				335C453220E482BC008F0543 /* LWRefreshHeader.m in Sources */,
				335C453020E482BC008F0543 /* LWWindowAlert.m in Sources */,
				335C453120E482BC008F0543 /* LWRefreshFooter.m in Sources */,
				3322A5C220A1864B0093407B /* AppDelegate.m in Sources */,
				335C452B20E482BC008F0543 /* UIView+LWFrame.m in Sources */,
			);
			runOnlyForDeploymentPostprocessing = 0;
		};
/* End PBXSourcesBuildPhase section */

/* Begin PBXVariantGroup section */
		3322A5C620A1864B0093407B /* Main.storyboard */ = {
			isa = PBXVariantGroup;
			children = (
				3322A5C720A1864B0093407B /* Base */,
			);
			name = Main.storyboard;
			sourceTree = "<group>";
		};
		3322A5CB20A1864D0093407B /* LaunchScreen.storyboard */ = {
			isa = PBXVariantGroup;
			children = (
				3322A5CC20A1864D0093407B /* Base */,
			);
			name = LaunchScreen.storyboard;
			sourceTree = "<group>";
		};
/* End PBXVariantGroup section */

/* Begin XCBuildConfiguration section */
		3322A5D120A1864D0093407B /* Debug */ = {
			isa = XCBuildConfiguration;
			buildSettings = {
				ALWAYS_SEARCH_USER_PATHS = NO;
				CLANG_ANALYZER_NONNULL = YES;
				CLANG_ANALYZER_NUMBER_OBJECT_CONVERSION = YES_AGGRESSIVE;
				CLANG_CXX_LANGUAGE_STANDARD = "gnu++14";
				CLANG_CXX_LIBRARY = "libc++";
				CLANG_ENABLE_MODULES = YES;
				CLANG_ENABLE_OBJC_ARC = YES;
				CLANG_ENABLE_OBJC_WEAK = YES;
				CLANG_WARN_BLOCK_CAPTURE_AUTORELEASING = YES;
				CLANG_WARN_BOOL_CONVERSION = YES;
				CLANG_WARN_COMMA = YES;
				CLANG_WARN_CONSTANT_CONVERSION = YES;
				CLANG_WARN_DEPRECATED_OBJC_IMPLEMENTATIONS = YES;
				CLANG_WARN_DIRECT_OBJC_ISA_USAGE = YES_ERROR;
				CLANG_WARN_DOCUMENTATION_COMMENTS = YES;
				CLANG_WARN_EMPTY_BODY = YES;
				CLANG_WARN_ENUM_CONVERSION = YES;
				CLANG_WARN_INFINITE_RECURSION = YES;
				CLANG_WARN_INT_CONVERSION = YES;
				CLANG_WARN_NON_LITERAL_NULL_CONVERSION = YES;
				CLANG_WARN_OBJC_IMPLICIT_RETAIN_SELF = YES;
				CLANG_WARN_OBJC_LITERAL_CONVERSION = YES;
				CLANG_WARN_OBJC_ROOT_CLASS = YES_ERROR;
				CLANG_WARN_RANGE_LOOP_ANALYSIS = YES;
				CLANG_WARN_STRICT_PROTOTYPES = YES;
				CLANG_WARN_SUSPICIOUS_MOVE = YES;
				CLANG_WARN_UNGUARDED_AVAILABILITY = YES_AGGRESSIVE;
				CLANG_WARN_UNREACHABLE_CODE = YES;
				CLANG_WARN__DUPLICATE_METHOD_MATCH = YES;
				CODE_SIGN_IDENTITY = "iPhone Developer";
				COPY_PHASE_STRIP = NO;
				DEBUG_INFORMATION_FORMAT = dwarf;
				ENABLE_STRICT_OBJC_MSGSEND = YES;
				ENABLE_TESTABILITY = YES;
				GCC_C_LANGUAGE_STANDARD = gnu11;
				GCC_DYNAMIC_NO_PIC = NO;
				GCC_NO_COMMON_BLOCKS = YES;
				GCC_OPTIMIZATION_LEVEL = 0;
				GCC_PREPROCESSOR_DEFINITIONS = (
					"DEBUG=1",
					"$(inherited)",
				);
				GCC_WARN_64_TO_32_BIT_CONVERSION = YES;
				GCC_WARN_ABOUT_RETURN_TYPE = YES_ERROR;
				GCC_WARN_UNDECLARED_SELECTOR = YES;
				GCC_WARN_UNINITIALIZED_AUTOS = YES_AGGRESSIVE;
				GCC_WARN_UNUSED_FUNCTION = YES;
				GCC_WARN_UNUSED_VARIABLE = YES;
				IPHONEOS_DEPLOYMENT_TARGET = 11.3;
				MTL_ENABLE_DEBUG_INFO = YES;
				ONLY_ACTIVE_ARCH = YES;
				SDKROOT = iphoneos;
			};
			name = Debug;
		};
		3322A5D220A1864D0093407B /* Release */ = {
			isa = XCBuildConfiguration;
			buildSettings = {
				ALWAYS_SEARCH_USER_PATHS = NO;
				CLANG_ANALYZER_NONNULL = YES;
				CLANG_ANALYZER_NUMBER_OBJECT_CONVERSION = YES_AGGRESSIVE;
				CLANG_CXX_LANGUAGE_STANDARD = "gnu++14";
				CLANG_CXX_LIBRARY = "libc++";
				CLANG_ENABLE_MODULES = YES;
				CLANG_ENABLE_OBJC_ARC = YES;
				CLANG_ENABLE_OBJC_WEAK = YES;
				CLANG_WARN_BLOCK_CAPTURE_AUTORELEASING = YES;
				CLANG_WARN_BOOL_CONVERSION = YES;
				CLANG_WARN_COMMA = YES;
				CLANG_WARN_CONSTANT_CONVERSION = YES;
				CLANG_WARN_DEPRECATED_OBJC_IMPLEMENTATIONS = YES;
				CLANG_WARN_DIRECT_OBJC_ISA_USAGE = YES_ERROR;
				CLANG_WARN_DOCUMENTATION_COMMENTS = YES;
				CLANG_WARN_EMPTY_BODY = YES;
				CLANG_WARN_ENUM_CONVERSION = YES;
				CLANG_WARN_INFINITE_RECURSION = YES;
				CLANG_WARN_INT_CONVERSION = YES;
				CLANG_WARN_NON_LITERAL_NULL_CONVERSION = YES;
				CLANG_WARN_OBJC_IMPLICIT_RETAIN_SELF = YES;
				CLANG_WARN_OBJC_LITERAL_CONVERSION = YES;
				CLANG_WARN_OBJC_ROOT_CLASS = YES_ERROR;
				CLANG_WARN_RANGE_LOOP_ANALYSIS = YES;
				CLANG_WARN_STRICT_PROTOTYPES = YES;
				CLANG_WARN_SUSPICIOUS_MOVE = YES;
				CLANG_WARN_UNGUARDED_AVAILABILITY = YES_AGGRESSIVE;
				CLANG_WARN_UNREACHABLE_CODE = YES;
				CLANG_WARN__DUPLICATE_METHOD_MATCH = YES;
				CODE_SIGN_IDENTITY = "iPhone Developer";
				COPY_PHASE_STRIP = NO;
				DEBUG_INFORMATION_FORMAT = "dwarf-with-dsym";
				ENABLE_NS_ASSERTIONS = NO;
				ENABLE_STRICT_OBJC_MSGSEND = YES;
				GCC_C_LANGUAGE_STANDARD = gnu11;
				GCC_NO_COMMON_BLOCKS = YES;
				GCC_WARN_64_TO_32_BIT_CONVERSION = YES;
				GCC_WARN_ABOUT_RETURN_TYPE = YES_ERROR;
				GCC_WARN_UNDECLARED_SELECTOR = YES;
				GCC_WARN_UNINITIALIZED_AUTOS = YES_AGGRESSIVE;
				GCC_WARN_UNUSED_FUNCTION = YES;
				GCC_WARN_UNUSED_VARIABLE = YES;
				IPHONEOS_DEPLOYMENT_TARGET = 11.3;
				MTL_ENABLE_DEBUG_INFO = NO;
				SDKROOT = iphoneos;
				VALIDATE_PRODUCT = YES;
			};
			name = Release;
		};
		3322A5D420A1864D0093407B /* Debug */ = {
			isa = XCBuildConfiguration;
			baseConfigurationReference = 05DB4C6E24D0C3779FA41EB5 /* Pods-LWToolsDemo.debug.xcconfig */;
			buildSettings = {
				ASSETCATALOG_COMPILER_APPICON_NAME = AppIcon;
				CLANG_ALLOW_NON_MODULAR_INCLUDES_IN_FRAMEWORK_MODULES = YES;
				CODE_SIGN_STYLE = Automatic;
				DEVELOPMENT_TEAM = YKBW8AGZ9Y;
				INFOPLIST_FILE = LWToolsDemo/Info.plist;
				IPHONEOS_DEPLOYMENT_TARGET = 11.3;
				LD_RUNPATH_SEARCH_PATHS = (
					"$(inherited)",
					"@executable_path/Frameworks",
				);
				PRODUCT_BUNDLE_IDENTIFIER = Personal.LWToolsDemo;
				PRODUCT_NAME = "$(TARGET_NAME)";
				TARGETED_DEVICE_FAMILY = "1,2";
			};
			name = Debug;
		};
		3322A5D520A1864D0093407B /* Release */ = {
			isa = XCBuildConfiguration;
			baseConfigurationReference = F7D4F3FFB23CB1C257985B70 /* Pods-LWToolsDemo.release.xcconfig */;
			buildSettings = {
				ASSETCATALOG_COMPILER_APPICON_NAME = AppIcon;
				CLANG_ALLOW_NON_MODULAR_INCLUDES_IN_FRAMEWORK_MODULES = YES;
				CODE_SIGN_STYLE = Automatic;
				DEVELOPMENT_TEAM = YKBW8AGZ9Y;
				INFOPLIST_FILE = LWToolsDemo/Info.plist;
				IPHONEOS_DEPLOYMENT_TARGET = 11.3;
				LD_RUNPATH_SEARCH_PATHS = (
					"$(inherited)",
					"@executable_path/Frameworks",
				);
				PRODUCT_BUNDLE_IDENTIFIER = Personal.LWToolsDemo;
				PRODUCT_NAME = "$(TARGET_NAME)";
				TARGETED_DEVICE_FAMILY = "1,2";
			};
			name = Release;
		};
/* End XCBuildConfiguration section */

/* Begin XCConfigurationList section */
		3322A5B820A1864B0093407B /* Build configuration list for PBXProject "LWToolsDemo" */ = {
			isa = XCConfigurationList;
			buildConfigurations = (
				3322A5D120A1864D0093407B /* Debug */,
				3322A5D220A1864D0093407B /* Release */,
			);
			defaultConfigurationIsVisible = 0;
			defaultConfigurationName = Release;
		};
		3322A5D320A1864D0093407B /* Build configuration list for PBXNativeTarget "LWToolsDemo" */ = {
			isa = XCConfigurationList;
			buildConfigurations = (
				3322A5D420A1864D0093407B /* Debug */,
				3322A5D520A1864D0093407B /* Release */,
			);
			defaultConfigurationIsVisible = 0;
			defaultConfigurationName = Release;
		};
/* End XCConfigurationList section */
	};
	rootObject = 3322A5B520A1864B0093407B /* Project object */;
}
