// !$*UTF8*$!
{
	archiveVersion = 1;
	classes = {
	};
	objectVersion = 50;
	objects = {

/* Begin PBXBuildFile section */
		3382096D20CA676500261C9F /* AppDelegate.m in Sources */ = {isa = PBXBuildFile; fileRef = 3382096C20CA676500261C9F /* AppDelegate.m */; };
		3382097020CA676500261C9F /* ViewController.m in Sources */ = {isa = PBXBuildFile; fileRef = 3382096F20CA676500261C9F /* ViewController.m */; };
		3382097320CA676500261C9F /* Main.storyboard in Resources */ = {isa = PBXBuildFile; fileRef = 3382097120CA676500261C9F /* Main.storyboard */; };
		3382097520CA676800261C9F /* Assets.xcassets in Resources */ = {isa = PBXBuildFile; fileRef = 3382097420CA676800261C9F /* Assets.xcassets */; };
		3382097820CA676800261C9F /* LaunchScreen.storyboard in Resources */ = {isa = PBXBuildFile; fileRef = 3382097620CA676800261C9F /* LaunchScreen.storyboard */; };
		3382097B20CA676800261C9F /* main.m in Sources */ = {isa = PBXBuildFile; fileRef = 3382097A20CA676800261C9F /* main.m */; };
		3382098320CA678100261C9F /* LWTopView.m in Sources */ = {isa = PBXBuildFile; fileRef = 3382098220CA678100261C9F /* LWTopView.m */; };
/* End PBXBuildFile section */

/* Begin PBXFileReference section */
		3382096820CA676500261C9F /* LWTopChangeDemo.app */ = {isa = PBXFileReference; explicitFileType = wrapper.application; includeInIndex = 0; path = LWTopChangeDemo.app; sourceTree = BUILT_PRODUCTS_DIR; };
		3382096B20CA676500261C9F /* AppDelegate.h */ = {isa = PBXFileReference; lastKnownFileType = sourcecode.c.h; path = AppDelegate.h; sourceTree = "<group>"; };
		3382096C20CA676500261C9F /* AppDelegate.m */ = {isa = PBXFileReference; lastKnownFileType = sourcecode.c.objc; path = AppDelegate.m; sourceTree = "<group>"; };
		3382096E20CA676500261C9F /* ViewController.h */ = {isa = PBXFileReference; lastKnownFileType = sourcecode.c.h; path = ViewController.h; sourceTree = "<group>"; };
		3382096F20CA676500261C9F /* ViewController.m */ = {isa = PBXFileReference; lastKnownFileType = sourcecode.c.objc; path = ViewController.m; sourceTree = "<group>"; };
		3382097220CA676500261C9F /* Base */ = {isa = PBXFileReference; lastKnownFileType = file.storyboard; name = Base; path = Base.lproj/Main.storyboard; sourceTree = "<group>"; };
		3382097420CA676800261C9F /* Assets.xcassets */ = {isa = PBXFileReference; lastKnownFileType = folder.assetcatalog; path = Assets.xcassets; sourceTree = "<group>"; };
		3382097720CA676800261C9F /* Base */ = {isa = PBXFileReference; lastKnownFileType = file.storyboard; name = Base; path = Base.lproj/LaunchScreen.storyboard; sourceTree = "<group>"; };
		3382097920CA676800261C9F /* Info.plist */ = {isa = PBXFileReference; lastKnownFileType = text.plist.xml; path = Info.plist; sourceTree = "<group>"; };
		3382097A20CA676800261C9F /* main.m */ = {isa = PBXFileReference; lastKnownFileType = sourcecode.c.objc; path = main.m; sourceTree = "<group>"; };
		3382098120CA678100261C9F /* LWTopView.h */ = {isa = PBXFileReference; lastKnownFileType = sourcecode.c.h; path = LWTopView.h; sourceTree = "<group>"; };
		3382098220CA678100261C9F /* LWTopView.m */ = {isa = PBXFileReference; lastKnownFileType = sourcecode.c.objc; path = LWTopView.m; sourceTree = "<group>"; };
/* End PBXFileReference section */

/* Begin PBXFrameworksBuildPhase section */
		3382096520CA676500261C9F /* Frameworks */ = {
			isa = PBXFrameworksBuildPhase;
			buildActionMask = 2147483647;
			files = (
			);
			runOnlyForDeploymentPostprocessing = 0;
		};
/* End PBXFrameworksBuildPhase section */

/* Begin PBXGroup section */
		3382095F20CA676500261C9F = {
			isa = PBXGroup;
			children = (
				3382096A20CA676500261C9F /* LWTopChangeDemo */,
				3382096920CA676500261C9F /* Products */,
			);
			sourceTree = "<group>";
		};
		3382096920CA676500261C9F /* Products */ = {
			isa = PBXGroup;
			children = (
				3382096820CA676500261C9F /* LWTopChangeDemo.app */,
			);
			name = Products;
			sourceTree = "<group>";
		};
		3382096A20CA676500261C9F /* LWTopChangeDemo */ = {
			isa = PBXGroup;
			children = (
				3382096B20CA676500261C9F /* AppDelegate.h */,
				3382096C20CA676500261C9F /* AppDelegate.m */,
				3382096E20CA676500261C9F /* ViewController.h */,
				3382096F20CA676500261C9F /* ViewController.m */,
				3382098120CA678100261C9F /* LWTopView.h */,
				3382098220CA678100261C9F /* LWTopView.m */,
				3382097120CA676500261C9F /* Main.storyboard */,
				3382097420CA676800261C9F /* Assets.xcassets */,
				3382097620CA676800261C9F /* LaunchScreen.storyboard */,
				3382097920CA676800261C9F /* Info.plist */,
				3382097A20CA676800261C9F /* main.m */,
			);
			path = LWTopChangeDemo;
			sourceTree = "<group>";
		};
/* End PBXGroup section */

/* Begin PBXNativeTarget section */
		3382096720CA676500261C9F /* LWTopChangeDemo */ = {
			isa = PBXNativeTarget;
			buildConfigurationList = 3382097E20CA676800261C9F /* Build configuration list for PBXNativeTarget "LWTopChangeDemo" */;
			buildPhases = (
				3382096420CA676500261C9F /* Sources */,
				3382096520CA676500261C9F /* Frameworks */,
				3382096620CA676500261C9F /* Resources */,
			);
			buildRules = (
			);
			dependencies = (
			);
			name = LWTopChangeDemo;
			productName = LWTopChangeDemo;
			productReference = 3382096820CA676500261C9F /* LWTopChangeDemo.app */;
			productType = "com.apple.product-type.application";
		};
/* End PBXNativeTarget section */

/* Begin PBXProject section */
		3382096020CA676500261C9F /* Project object */ = {
			isa = PBXProject;
			attributes = {
				LastUpgradeCheck = 0940;
				ORGANIZATIONNAME = weil;
				TargetAttributes = {
					3382096720CA676500261C9F = {
						CreatedOnToolsVersion = 9.4;
					};
				};
			};
			buildConfigurationList = 3382096320CA676500261C9F /* Build configuration list for PBXProject "LWTopChangeDemo" */;
			compatibilityVersion = "Xcode 9.3";
			developmentRegion = en;
			hasScannedForEncodings = 0;
			knownRegions = (
				en,
				Base,
			);
			mainGroup = 3382095F20CA676500261C9F;
			productRefGroup = 3382096920CA676500261C9F /* Products */;
			projectDirPath = "";
			projectRoot = "";
			targets = (
				3382096720CA676500261C9F /* LWTopChangeDemo */,
			);
		};
/* End PBXProject section */

/* Begin PBXResourcesBuildPhase section */
		3382096620CA676500261C9F /* Resources */ = {
			isa = PBXResourcesBuildPhase;
			buildActionMask = 2147483647;
			files = (
				3382097820CA676800261C9F /* LaunchScreen.storyboard in Resources */,
				3382097520CA676800261C9F /* Assets.xcassets in Resources */,
				3382097320CA676500261C9F /* Main.storyboard in Resources */,
			);
			runOnlyForDeploymentPostprocessing = 0;
		};
/* End PBXResourcesBuildPhase section */

/* Begin PBXSourcesBuildPhase section */
		3382096420CA676500261C9F /* Sources */ = {
			isa = PBXSourcesBuildPhase;
			buildActionMask = 2147483647;
			files = (
				3382097020CA676500261C9F /* ViewController.m in Sources */,
				3382097B20CA676800261C9F /* main.m in Sources */,
				3382096D20CA676500261C9F /* AppDelegate.m in Sources */,
				3382098320CA678100261C9F /* LWTopView.m in Sources */,
			);
			runOnlyForDeploymentPostprocessing = 0;
		};
/* End PBXSourcesBuildPhase section */

/* Begin PBXVariantGroup section */
		3382097120CA676500261C9F /* Main.storyboard */ = {
			isa = PBXVariantGroup;
			children = (
				3382097220CA676500261C9F /* Base */,
			);
			name = Main.storyboard;
			sourceTree = "<group>";
		};
		3382097620CA676800261C9F /* LaunchScreen.storyboard */ = {
			isa = PBXVariantGroup;
			children = (
				3382097720CA676800261C9F /* Base */,
			);
			name = LaunchScreen.storyboard;
			sourceTree = "<group>";
		};
/* End PBXVariantGroup section */

/* Begin XCBuildConfiguration section */
		3382097C20CA676800261C9F /* Debug */ = {
			isa = XCBuildConfiguration;
			buildSettings = {
				ALWAYS_SEARCH_USER_PATHS = NO;
				CLANG_ANALYZER_NONNULL = YES;
				CLANG_ANALYZER_NUMBER_OBJECT_CONVERSION = YES_AGGRESSIVE;
				CLANG_CXX_LANGUAGE_STANDARD = "gnu++14";
				CLANG_CXX_LIBRARY = "libc++";
				CLANG_ENABLE_MODULES = YES;
				CLANG_ENABLE_OBJC_ARC = YES;
				CLANG_ENABLE_OBJC_WEAK = YES;
				CLANG_WARN_BLOCK_CAPTURE_AUTORELEASING = YES;
				CLANG_WARN_BOOL_CONVERSION = YES;
				CLANG_WARN_COMMA = YES;
				CLANG_WARN_CONSTANT_CONVERSION = YES;
				CLANG_WARN_DEPRECATED_OBJC_IMPLEMENTATIONS = YES;
				CLANG_WARN_DIRECT_OBJC_ISA_USAGE = YES_ERROR;
				CLANG_WARN_DOCUMENTATION_COMMENTS = YES;
				CLANG_WARN_EMPTY_BODY = YES;
				CLANG_WARN_ENUM_CONVERSION = YES;
				CLANG_WARN_INFINITE_RECURSION = YES;
				CLANG_WARN_INT_CONVERSION = YES;
				CLANG_WARN_NON_LITERAL_NULL_CONVERSION = YES;
				CLANG_WARN_OBJC_IMPLICIT_RETAIN_SELF = YES;
				CLANG_WARN_OBJC_LITERAL_CONVERSION = YES;
				CLANG_WARN_OBJC_ROOT_CLASS = YES_ERROR;
				CLANG_WARN_RANGE_LOOP_ANALYSIS = YES;
				CLANG_WARN_STRICT_PROTOTYPES = YES;
				CLANG_WARN_SUSPICIOUS_MOVE = YES;
				CLANG_WARN_UNGUARDED_AVAILABILITY = YES_AGGRESSIVE;
				CLANG_WARN_UNREACHABLE_CODE = YES;
				CLANG_WARN__DUPLICATE_METHOD_MATCH = YES;
				CODE_SIGN_IDENTITY = "iPhone Developer";
				COPY_PHASE_STRIP = NO;
				DEBUG_INFORMATION_FORMAT = dwarf;
				ENABLE_STRICT_OBJC_MSGSEND = YES;
				ENABLE_TESTABILITY = YES;
				GCC_C_LANGUAGE_STANDARD = gnu11;
				GCC_DYNAMIC_NO_PIC = NO;
				GCC_NO_COMMON_BLOCKS = YES;
				GCC_OPTIMIZATION_LEVEL = 0;
				GCC_PREPROCESSOR_DEFINITIONS = (
					"DEBUG=1",
					"$(inherited)",
				);
				GCC_WARN_64_TO_32_BIT_CONVERSION = YES;
				GCC_WARN_ABOUT_RETURN_TYPE = YES_ERROR;
				GCC_WARN_UNDECLARED_SELECTOR = YES;
				GCC_WARN_UNINITIALIZED_AUTOS = YES_AGGRESSIVE;
				GCC_WARN_UNUSED_FUNCTION = YES;
				GCC_WARN_UNUSED_VARIABLE = YES;
				IPHONEOS_DEPLOYMENT_TARGET = 11.4;
				MTL_ENABLE_DEBUG_INFO = YES;
				ONLY_ACTIVE_ARCH = YES;
				SDKROOT = iphoneos;
			};
			name = Debug;
		};
		3382097D20CA676800261C9F /* Release */ = {
			isa = XCBuildConfiguration;
			buildSettings = {
				ALWAYS_SEARCH_USER_PATHS = NO;
				CLANG_ANALYZER_NONNULL = YES;
				CLANG_ANALYZER_NUMBER_OBJECT_CONVERSION = YES_AGGRESSIVE;
				CLANG_CXX_LANGUAGE_STANDARD = "gnu++14";
				CLANG_CXX_LIBRARY = "libc++";
				CLANG_ENABLE_MODULES = YES;
				CLANG_ENABLE_OBJC_ARC = YES;
				CLANG_ENABLE_OBJC_WEAK = YES;
				CLANG_WARN_BLOCK_CAPTURE_AUTORELEASING = YES;
				CLANG_WARN_BOOL_CONVERSION = YES;
				CLANG_WARN_COMMA = YES;
				CLANG_WARN_CONSTANT_CONVERSION = YES;
				CLANG_WARN_DEPRECATED_OBJC_IMPLEMENTATIONS = YES;
				CLANG_WARN_DIRECT_OBJC_ISA_USAGE = YES_ERROR;
				CLANG_WARN_DOCUMENTATION_COMMENTS = YES;
				CLANG_WARN_EMPTY_BODY = YES;
				CLANG_WARN_ENUM_CONVERSION = YES;
				CLANG_WARN_INFINITE_RECURSION = YES;
				CLANG_WARN_INT_CONVERSION = YES;
				CLANG_WARN_NON_LITERAL_NULL_CONVERSION = YES;
				CLANG_WARN_OBJC_IMPLICIT_RETAIN_SELF = YES;
				CLANG_WARN_OBJC_LITERAL_CONVERSION = YES;
				CLANG_WARN_OBJC_ROOT_CLASS = YES_ERROR;
				CLANG_WARN_RANGE_LOOP_ANALYSIS = YES;
				CLANG_WARN_STRICT_PROTOTYPES = YES;
				CLANG_WARN_SUSPICIOUS_MOVE = YES;
				CLANG_WARN_UNGUARDED_AVAILABILITY = YES_AGGRESSIVE;
				CLANG_WARN_UNREACHABLE_CODE = YES;
				CLANG_WARN__DUPLICATE_METHOD_MATCH = YES;
				CODE_SIGN_IDENTITY = "iPhone Developer";
				COPY_PHASE_STRIP = NO;
				DEBUG_INFORMATION_FORMAT = "dwarf-with-dsym";
				ENABLE_NS_ASSERTIONS = NO;
				ENABLE_STRICT_OBJC_MSGSEND = YES;
				GCC_C_LANGUAGE_STANDARD = gnu11;
				GCC_NO_COMMON_BLOCKS = YES;
				GCC_WARN_64_TO_32_BIT_CONVERSION = YES;
				GCC_WARN_ABOUT_RETURN_TYPE = YES_ERROR;
				GCC_WARN_UNDECLARED_SELECTOR = YES;
				GCC_WARN_UNINITIALIZED_AUTOS = YES_AGGRESSIVE;
				GCC_WARN_UNUSED_FUNCTION = YES;
				GCC_WARN_UNUSED_VARIABLE = YES;
				IPHONEOS_DEPLOYMENT_TARGET = 11.4;
				MTL_ENABLE_DEBUG_INFO = NO;
				SDKROOT = iphoneos;
				VALIDATE_PRODUCT = YES;
			};
			name = Release;
		};
		3382097F20CA676800261C9F /* Debug */ = {
			isa = XCBuildConfiguration;
			buildSettings = {
				ASSETCATALOG_COMPILER_APPICON_NAME = AppIcon;
				CODE_SIGN_STYLE = Automatic;
				DEVELOPMENT_TEAM = YKBW8AGZ9Y;
				INFOPLIST_FILE = LWTopChangeDemo/Info.plist;
				LD_RUNPATH_SEARCH_PATHS = (
					"$(inherited)",
					"@executable_path/Frameworks",
				);
				PRODUCT_BUNDLE_IDENTIFIER = Personal.LWTopChangeDemo;
				PRODUCT_NAME = "$(TARGET_NAME)";
				TARGETED_DEVICE_FAMILY = "1,2";
			};
			name = Debug;
		};
		3382098020CA676800261C9F /* Release */ = {
			isa = XCBuildConfiguration;
			buildSettings = {
				ASSETCATALOG_COMPILER_APPICON_NAME = AppIcon;
				CODE_SIGN_STYLE = Automatic;
				DEVELOPMENT_TEAM = YKBW8AGZ9Y;
				INFOPLIST_FILE = LWTopChangeDemo/Info.plist;
				LD_RUNPATH_SEARCH_PATHS = (
					"$(inherited)",
					"@executable_path/Frameworks",
				);
				PRODUCT_BUNDLE_IDENTIFIER = Personal.LWTopChangeDemo;
				PRODUCT_NAME = "$(TARGET_NAME)";
				TARGETED_DEVICE_FAMILY = "1,2";
			};
			name = Release;
		};
/* End XCBuildConfiguration section */

/* Begin XCConfigurationList section */
		3382096320CA676500261C9F /* Build configuration list for PBXProject "LWTopChangeDemo" */ = {
			isa = XCConfigurationList;
			buildConfigurations = (
				3382097C20CA676800261C9F /* Debug */,
				3382097D20CA676800261C9F /* Release */,
			);
			defaultConfigurationIsVisible = 0;
			defaultConfigurationName = Release;
		};
		3382097E20CA676800261C9F /* Build configuration list for PBXNativeTarget "LWTopChangeDemo" */ = {
			isa = XCConfigurationList;
			buildConfigurations = (
				3382097F20CA676800261C9F /* Debug */,
				3382098020CA676800261C9F /* Release */,
			);
			defaultConfigurationIsVisible = 0;
			defaultConfigurationName = Release;
		};
/* End XCConfigurationList section */
	};
	rootObject = 3382096020CA676500261C9F /* Project object */;
}
